
Microsoft Visual Studio Solution File, Format Version 12.00
# Visual Studio Version 17
VisualStudioVersion = 17.6.33723.286
MinimumVisualStudioVersion = 10.0.40219.1
Project("{FAE04EC0-301F-11D3-BF4B-00C04F79EFBC}") = "Loan Webapp", "Loan Webapp\Loan Webapp.csproj", "{D5D2F1FA-C677-42F5-8FA6-4B52BD52412D}"
EndProject
Global
	GlobalSection(SolutionConfigurationPlatforms) = preSolution
		Debug|Any CPU = Debug|Any CPU
		Release|Any CPU = Release|Any CPU
	EndGlobalSection
	GlobalSection(ProjectConfigurationPlatforms) = postSolution
		{D5D2F1FA-C677-42F5-8FA6-4B52BD52412D}.Debug|Any CPU.ActiveCfg = Debug|Any CPU
		{D5D2F1FA-C677-42F5-8FA6-4B52BD52412D}.Debug|Any CPU.Build.0 = Debug|Any CPU
		{D5D2F1FA-C677-42F5-8FA6-4B52BD52412D}.Release|Any CPU.ActiveCfg = Release|Any CPU
		{D5D2F1FA-C677-42F5-8FA6-4B52BD52412D}.Release|Any CPU.Build.0 = Release|Any CPU
	EndGlobalSection
	GlobalSection(SolutionProperties) = preSolution
		HideSolutionNode = FALSE
	EndGlobalSection
	GlobalSection(ExtensibilityGlobals) = postSolution
		SolutionGuid = {58933251-0A55-42BD-9F0C-18E48E183FE4}
	EndGlobalSection
EndGlobal
